
Microsoft Visual Studio Solution File, Format Version 12.00
# Visual Studio 15
VisualStudioVersion = 15.0.26403.7
MinimumVisualStudioVersion = 10.0.40219.1
Project("{FAE04EC0-301F-11D3-BF4B-00C04F79EFBC}") = "cs-expert-system-shell", "cs-expert-system-shell\cs-expert-system-shell.csproj", "{A200A426-2ACB-4CA3-8107-9421DFAAE689}"
EndProject
Project("{FAE04EC0-301F-11D3-BF4B-00C04F79EFBC}") = "cs-expert-system-shell-tests", "cs-expert-system-shell-tests\cs-expert-system-shell-tests.csproj", "{130C3205-8ECF-4207-B321-9A523102D443}"
EndProject
Global
	GlobalSection(SolutionConfigurationPlatforms) = preSolution
		Debug|Any CPU = Debug|Any CPU
		Release|Any CPU = Release|Any CPU
	EndGlobalSection
	GlobalSection(ProjectConfigurationPlatforms) = postSolution
		{A200A426-2ACB-4CA3-8107-9421DFAAE689}.Debug|Any CPU.ActiveCfg = Debug|Any CPU
		{A200A426-2ACB-4CA3-8107-9421DFAAE689}.Debug|Any CPU.Build.0 = Debug|Any CPU
		{A200A426-2ACB-4CA3-8107-9421DFAAE689}.Release|Any CPU.ActiveCfg = Release|Any CPU
		{A200A426-2ACB-4CA3-8107-9421DFAAE689}.Release|Any CPU.Build.0 = Release|Any CPU
		{130C3205-8ECF-4207-B321-9A523102D443}.Debug|Any CPU.ActiveCfg = Debug|Any CPU
		{130C3205-8ECF-4207-B321-9A523102D443}.Debug|Any CPU.Build.0 = Debug|Any CPU
		{130C3205-8ECF-4207-B321-9A523102D443}.Release|Any CPU.ActiveCfg = Release|Any CPU
		{130C3205-8ECF-4207-B321-9A523102D443}.Release|Any CPU.Build.0 = Release|Any CPU
	EndGlobalSection
	GlobalSection(SolutionProperties) = preSolution
		HideSolutionNode = FALSE
	EndGlobalSection
EndGlobal
